# Pinned dependency versions for reproducible builds.
# Generated from requirements.txt — update by running:
#   pip install -r requirements.txt && pip freeze > requirements.lock
fastapi==0.133.0
uvicorn[standard]==0.41.0
sqlalchemy==2.0.48
psycopg2-binary==2.9.11
alembic==1.18.4
pydantic[email]==2.11.9
pydantic-settings==2.13.1
PyJWT==2.10.1
passlib[bcrypt]==1.7.4
bcrypt==4.2.1
python-multipart==0.0.22
httpx==0.28.1
cryptography==46.0.5
slowapi==0.1.9
